
Microsoft Visual Studio Solution File, Format Version 12.00
# Visual Studio Version 18
VisualStudioVersion = 18.1.11304.174
MinimumVisualStudioVersion = 10.0.40219.1
Project("{FAE04EC0-301F-11D3-BF4B-00C04F79EFBC}") = "SCPBrowser", "SCPBrowser\SCPBrowser.csproj", "{FA2C3A1A-C366-4F63-A618-1523562648B3}"
EndProject
Project("{FAE04EC0-301F-11D3-BF4B-00C04F79EFBC}") = "BioTessera", "..\Voronoi\ProteoMappings\BioTessera.csproj", "{E47257FE-E32F-02A1-2DC2-CF444946399C}"
EndProject
Project("{FAE04EC0-301F-11D3-BF4B-00C04F79EFBC}") = "RevigoCore", "..\Voronoi\Revigo\RevigoCore.csproj", "{877CF215-BD62-C47B-2920-1E586CDBBBFE}"
EndProject
Project("{FAE04EC0-301F-11D3-BF4B-00C04F79EFBC}") = "PCANipals", "PCANipals\PCANipals.csproj", "{4B24A8F9-DCB8-435B-8C87-CF68921489D3}"
EndProject
Project("{FAE04EC0-301F-11D3-BF4B-00C04F79EFBC}") = "TransmutationLearning", "TransmutationLearning\TransmutationLearning.csproj", "{E4A9608B-0548-4710-BD66-20CFF3B4A0BB}"
EndProject
Project("{54A90642-561A-4BB1-A94E-469ADEE60C69}") = "TLearningWebSite", "TLearningWebSite\TLearningWebSite.esproj", "{CE0980DD-DE1E-DCA7-C309-DC3DD093FB77}"
EndProject
Project("{FAE04EC0-301F-11D3-BF4B-00C04F79EFBC}") = "HeadlessEmbed", "HeadlessEmbed\HeadlessEmbed.csproj", "{243AE979-2A9C-4124-982C-CB158802F410}"
EndProject
Global
	GlobalSection(SolutionConfigurationPlatforms) = preSolution
		Debug|Any CPU = Debug|Any CPU
		Debug|x64 = Debug|x64
		Debug|x86 = Debug|x86
		Release|Any CPU = Release|Any CPU
		Release|x64 = Release|x64
		Release|x86 = Release|x86
	EndGlobalSection
	GlobalSection(ProjectConfigurationPlatforms) = postSolution
		{FA2C3A1A-C366-4F63-A618-1523562648B3}.Debug|Any CPU.ActiveCfg = Debug|Any CPU
		{FA2C3A1A-C366-4F63-A618-1523562648B3}.Debug|Any CPU.Build.0 = Debug|Any CPU
		{FA2C3A1A-C366-4F63-A618-1523562648B3}.Debug|x64.ActiveCfg = Debug|Any CPU
		{FA2C3A1A-C366-4F63-A618-1523562648B3}.Debug|x64.Build.0 = Debug|Any CPU
		{FA2C3A1A-C366-4F63-A618-1523562648B3}.Debug|x86.ActiveCfg = Debug|Any CPU
		{FA2C3A1A-C366-4F63-A618-1523562648B3}.Debug|x86.Build.0 = Debug|Any CPU
		{FA2C3A1A-C366-4F63-A618-1523562648B3}.Release|Any CPU.ActiveCfg = Release|Any CPU
		{FA2C3A1A-C366-4F63-A618-1523562648B3}.Release|Any CPU.Build.0 = Release|Any CPU
		{FA2C3A1A-C366-4F63-A618-1523562648B3}.Release|x64.ActiveCfg = Release|Any CPU
		{FA2C3A1A-C366-4F63-A618-1523562648B3}.Release|x64.Build.0 = Release|Any CPU
		{FA2C3A1A-C366-4F63-A618-1523562648B3}.Release|x86.ActiveCfg = Release|Any CPU
		{FA2C3A1A-C366-4F63-A618-1523562648B3}.Release|x86.Build.0 = Release|Any CPU
		{E47257FE-E32F-02A1-2DC2-CF444946399C}.Debug|Any CPU.ActiveCfg = Debug|Any CPU
		{E47257FE-E32F-02A1-2DC2-CF444946399C}.Debug|Any CPU.Build.0 = Debug|Any CPU
		{E47257FE-E32F-02A1-2DC2-CF444946399C}.Debug|x64.ActiveCfg = Debug|Any CPU
		{E47257FE-E32F-02A1-2DC2-CF444946399C}.Debug|x64.Build.0 = Debug|Any CPU
		{E47257FE-E32F-02A1-2DC2-CF444946399C}.Debug|x86.ActiveCfg = Debug|Any CPU
		{E47257FE-E32F-02A1-2DC2-CF444946399C}.Debug|x86.Build.0 = Debug|Any CPU
		{E47257FE-E32F-02A1-2DC2-CF444946399C}.Release|Any CPU.ActiveCfg = Release|Any CPU
		{E47257FE-E32F-02A1-2DC2-CF444946399C}.Release|Any CPU.Build.0 = Release|Any CPU
		{E47257FE-E32F-02A1-2DC2-CF444946399C}.Release|x64.ActiveCfg = Release|Any CPU
		{E47257FE-E32F-02A1-2DC2-CF444946399C}.Release|x64.Build.0 = Release|Any CPU
		{E47257FE-E32F-02A1-2DC2-CF444946399C}.Release|x86.ActiveCfg = Release|Any CPU
		{E47257FE-E32F-02A1-2DC2-CF444946399C}.Release|x86.Build.0 = Release|Any CPU
		{877CF215-BD62-C47B-2920-1E586CDBBBFE}.Debug|Any CPU.ActiveCfg = Debug|Any CPU
		{877CF215-BD62-C47B-2920-1E586CDBBBFE}.Debug|Any CPU.Build.0 = Debug|Any CPU
		{877CF215-BD62-C47B-2920-1E586CDBBBFE}.Debug|x64.ActiveCfg = Debug|Any CPU
		{877CF215-BD62-C47B-2920-1E586CDBBBFE}.Debug|x64.Build.0 = Debug|Any CPU
		{877CF215-BD62-C47B-2920-1E586CDBBBFE}.Debug|x86.ActiveCfg = Debug|Any CPU
		{877CF215-BD62-C47B-2920-1E586CDBBBFE}.Debug|x86.Build.0 = Debug|Any CPU
		{877CF215-BD62-C47B-2920-1E586CDBBBFE}.Release|Any CPU.ActiveCfg = Release|Any CPU
		{877CF215-BD62-C47B-2920-1E586CDBBBFE}.Release|Any CPU.Build.0 = Release|Any CPU
		{877CF215-BD62-C47B-2920-1E586CDBBBFE}.Release|x64.ActiveCfg = Release|Any CPU
		{877CF215-BD62-C47B-2920-1E586CDBBBFE}.Release|x64.Build.0 = Release|Any CPU
		{877CF215-BD62-C47B-2920-1E586CDBBBFE}.Release|x86.ActiveCfg = Release|Any CPU
		{877CF215-BD62-C47B-2920-1E586CDBBBFE}.Release|x86.Build.0 = Release|Any CPU
		{4B24A8F9-DCB8-435B-8C87-CF68921489D3}.Debug|Any CPU.ActiveCfg = Debug|Any CPU
		{4B24A8F9-DCB8-435B-8C87-CF68921489D3}.Debug|Any CPU.Build.0 = Debug|Any CPU
		{4B24A8F9-DCB8-435B-8C87-CF68921489D3}.Debug|x64.ActiveCfg = Debug|Any CPU
		{4B24A8F9-DCB8-435B-8C87-CF68921489D3}.Debug|x64.Build.0 = Debug|Any CPU
		{4B24A8F9-DCB8-435B-8C87-CF68921489D3}.Debug|x86.ActiveCfg = Debug|Any CPU
		{4B24A8F9-DCB8-435B-8C87-CF68921489D3}.Debug|x86.Build.0 = Debug|Any CPU
		{4B24A8F9-DCB8-435B-8C87-CF68921489D3}.Release|Any CPU.ActiveCfg = Release|Any CPU
		{4B24A8F9-DCB8-435B-8C87-CF68921489D3}.Release|Any CPU.Build.0 = Release|Any CPU
		{4B24A8F9-DCB8-435B-8C87-CF68921489D3}.Release|x64.ActiveCfg = Release|Any CPU
		{4B24A8F9-DCB8-435B-8C87-CF68921489D3}.Release|x64.Build.0 = Release|Any CPU
		{4B24A8F9-DCB8-435B-8C87-CF68921489D3}.Release|x86.ActiveCfg = Release|Any CPU
		{4B24A8F9-DCB8-435B-8C87-CF68921489D3}.Release|x86.Build.0 = Release|Any CPU
		{E4A9608B-0548-4710-BD66-20CFF3B4A0BB}.Debug|Any CPU.ActiveCfg = Debug|Any CPU
		{E4A9608B-0548-4710-BD66-20CFF3B4A0BB}.Debug|Any CPU.Build.0 = Debug|Any CPU
		{E4A9608B-0548-4710-BD66-20CFF3B4A0BB}.Debug|x64.ActiveCfg = Debug|Any CPU
		{E4A9608B-0548-4710-BD66-20CFF3B4A0BB}.Debug|x64.Build.0 = Debug|Any CPU
		{E4A9608B-0548-4710-BD66-20CFF3B4A0BB}.Debug|x86.ActiveCfg = Debug|Any CPU
		{E4A9608B-0548-4710-BD66-20CFF3B4A0BB}.Debug|x86.Build.0 = Debug|Any CPU
		{E4A9608B-0548-4710-BD66-20CFF3B4A0BB}.Release|Any CPU.ActiveCfg = Release|Any CPU
		{E4A9608B-0548-4710-BD66-20CFF3B4A0BB}.Release|Any CPU.Build.0 = Release|Any CPU
		{E4A9608B-0548-4710-BD66-20CFF3B4A0BB}.Release|x64.ActiveCfg = Release|Any CPU
		{E4A9608B-0548-4710-BD66-20CFF3B4A0BB}.Release|x64.Build.0 = Release|Any CPU
		{E4A9608B-0548-4710-BD66-20CFF3B4A0BB}.Release|x86.ActiveCfg = Release|Any CPU
		{E4A9608B-0548-4710-BD66-20CFF3B4A0BB}.Release|x86.Build.0 = Release|Any CPU
		{CE0980DD-DE1E-DCA7-C309-DC3DD093FB77}.Debug|Any CPU.ActiveCfg = Debug|Any CPU
		{CE0980DD-DE1E-DCA7-C309-DC3DD093FB77}.Debug|Any CPU.Build.0 = Debug|Any CPU
		{CE0980DD-DE1E-DCA7-C309-DC3DD093FB77}.Debug|Any CPU.Deploy.0 = Debug|Any CPU
		{CE0980DD-DE1E-DCA7-C309-DC3DD093FB77}.Debug|x64.ActiveCfg = Debug|x64
		{CE0980DD-DE1E-DCA7-C309-DC3DD093FB77}.Debug|x86.ActiveCfg = Debug|x86
		{CE0980DD-DE1E-DCA7-C309-DC3DD093FB77}.Release|Any CPU.ActiveCfg = Release|Any CPU
		{CE0980DD-DE1E-DCA7-C309-DC3DD093FB77}.Release|Any CPU.Build.0 = Release|Any CPU
		{CE0980DD-DE1E-DCA7-C309-DC3DD093FB77}.Release|Any CPU.Deploy.0 = Release|Any CPU
		{CE0980DD-DE1E-DCA7-C309-DC3DD093FB77}.Release|x64.ActiveCfg = Release|x64
		{CE0980DD-DE1E-DCA7-C309-DC3DD093FB77}.Release|x86.ActiveCfg = Release|x86
		{243AE979-2A9C-4124-982C-CB158802F410}.Debug|Any CPU.ActiveCfg = Debug|Any CPU
		{243AE979-2A9C-4124-982C-CB158802F410}.Debug|Any CPU.Build.0 = Debug|Any CPU
		{243AE979-2A9C-4124-982C-CB158802F410}.Debug|x64.ActiveCfg = Debug|Any CPU
		{243AE979-2A9C-4124-982C-CB158802F410}.Debug|x64.Build.0 = Debug|Any CPU
		{243AE979-2A9C-4124-982C-CB158802F410}.Debug|x86.ActiveCfg = Debug|Any CPU
		{243AE979-2A9C-4124-982C-CB158802F410}.Debug|x86.Build.0 = Debug|Any CPU
		{243AE979-2A9C-4124-982C-CB158802F410}.Release|Any CPU.ActiveCfg = Release|Any CPU
		{243AE979-2A9C-4124-982C-CB158802F410}.Release|Any CPU.Build.0 = Release|Any CPU
		{243AE979-2A9C-4124-982C-CB158802F410}.Release|x64.ActiveCfg = Release|Any CPU
		{243AE979-2A9C-4124-982C-CB158802F410}.Release|x64.Build.0 = Release|Any CPU
		{243AE979-2A9C-4124-982C-CB158802F410}.Release|x86.ActiveCfg = Release|Any CPU
		{243AE979-2A9C-4124-982C-CB158802F410}.Release|x86.Build.0 = Release|Any CPU
	EndGlobalSection
	GlobalSection(SolutionProperties) = preSolution
		HideSolutionNode = FALSE
	EndGlobalSection
	GlobalSection(ExtensibilityGlobals) = postSolution
		SolutionGuid = {D334F247-89EE-4B2A-883A-731F186B2483}
	EndGlobalSection
EndGlobal
